
Microsoft Visual Studio Solution File, Format Version 12.00
# Visual Studio 2013
VisualStudioVersion = 12.0.30501.0
MinimumVisualStudioVersion = 10.0.40219.1
Project("{FAE04EC0-301F-11D3-BF4B-00C04F79EFBC}") = "FastCheckIn", "FastCheckIn\FastCheckIn.csproj", "{D83B8E1B-3EC2-4088-9940-0CE26ECD685E}"
	ProjectSection(ProjectDependencies) = postProject
		{15B3E0D2-6217-493A-A690-158C497F5318} = {15B3E0D2-6217-493A-A690-158C497F5318}
	EndProjectSection
EndProject
Project("{FAE04EC0-301F-11D3-BF4B-00C04F79EFBC}") = "WindowsService1", "WindowsService1\WindowsService1\WindowsService1.csproj", "{15B3E0D2-6217-493A-A690-158C497F5318}"
EndProject
Global
	GlobalSection(SolutionConfigurationPlatforms) = preSolution
		Debug|Any CPU = Debug|Any CPU
		Debug|ARM = Debug|ARM
		Debug|x64 = Debug|x64
		Debug|x86 = Debug|x86
		Release|Any CPU = Release|Any CPU
		Release|ARM = Release|ARM
		Release|x64 = Release|x64
		Release|x86 = Release|x86
	EndGlobalSection
	GlobalSection(ProjectConfigurationPlatforms) = postSolution
		{D83B8E1B-3EC2-4088-9940-0CE26ECD685E}.Debug|Any CPU.ActiveCfg = Debug|Any CPU
		{D83B8E1B-3EC2-4088-9940-0CE26ECD685E}.Debug|Any CPU.Build.0 = Debug|Any CPU
		{D83B8E1B-3EC2-4088-9940-0CE26ECD685E}.Debug|Any CPU.Deploy.0 = Debug|Any CPU
		{D83B8E1B-3EC2-4088-9940-0CE26ECD685E}.Debug|ARM.ActiveCfg = Debug|ARM
		{D83B8E1B-3EC2-4088-9940-0CE26ECD685E}.Debug|ARM.Build.0 = Debug|ARM
		{D83B8E1B-3EC2-4088-9940-0CE26ECD685E}.Debug|ARM.Deploy.0 = Debug|ARM
		{D83B8E1B-3EC2-4088-9940-0CE26ECD685E}.Debug|x64.ActiveCfg = Debug|x64
		{D83B8E1B-3EC2-4088-9940-0CE26ECD685E}.Debug|x64.Build.0 = Debug|x64
		{D83B8E1B-3EC2-4088-9940-0CE26ECD685E}.Debug|x64.Deploy.0 = Debug|x64
		{D83B8E1B-3EC2-4088-9940-0CE26ECD685E}.Debug|x86.ActiveCfg = Debug|x86
		{D83B8E1B-3EC2-4088-9940-0CE26ECD685E}.Debug|x86.Build.0 = Debug|x86
		{D83B8E1B-3EC2-4088-9940-0CE26ECD685E}.Debug|x86.Deploy.0 = Debug|x86
		{D83B8E1B-3EC2-4088-9940-0CE26ECD685E}.Release|Any CPU.ActiveCfg = Release|Any CPU
		{D83B8E1B-3EC2-4088-9940-0CE26ECD685E}.Release|Any CPU.Build.0 = Release|Any CPU
		{D83B8E1B-3EC2-4088-9940-0CE26ECD685E}.Release|Any CPU.Deploy.0 = Release|Any CPU
		{D83B8E1B-3EC2-4088-9940-0CE26ECD685E}.Release|ARM.ActiveCfg = Release|ARM
		{D83B8E1B-3EC2-4088-9940-0CE26ECD685E}.Release|ARM.Build.0 = Release|ARM
		{D83B8E1B-3EC2-4088-9940-0CE26ECD685E}.Release|ARM.Deploy.0 = Release|ARM
		{D83B8E1B-3EC2-4088-9940-0CE26ECD685E}.Release|x64.ActiveCfg = Release|x64
		{D83B8E1B-3EC2-4088-9940-0CE26ECD685E}.Release|x64.Build.0 = Release|x64
		{D83B8E1B-3EC2-4088-9940-0CE26ECD685E}.Release|x64.Deploy.0 = Release|x64
		{D83B8E1B-3EC2-4088-9940-0CE26ECD685E}.Release|x86.ActiveCfg = Release|x86
		{D83B8E1B-3EC2-4088-9940-0CE26ECD685E}.Release|x86.Build.0 = Release|x86
		{D83B8E1B-3EC2-4088-9940-0CE26ECD685E}.Release|x86.Deploy.0 = Release|x86
		{15B3E0D2-6217-493A-A690-158C497F5318}.Debug|Any CPU.ActiveCfg = Debug|Any CPU
		{15B3E0D2-6217-493A-A690-158C497F5318}.Debug|Any CPU.Build.0 = Debug|Any CPU
		{15B3E0D2-6217-493A-A690-158C497F5318}.Debug|ARM.ActiveCfg = Debug|Any CPU
		{15B3E0D2-6217-493A-A690-158C497F5318}.Debug|x64.ActiveCfg = Debug|Any CPU
		{15B3E0D2-6217-493A-A690-158C497F5318}.Debug|x86.ActiveCfg = Debug|Any CPU
		{15B3E0D2-6217-493A-A690-158C497F5318}.Release|Any CPU.ActiveCfg = Release|Any CPU
		{15B3E0D2-6217-493A-A690-158C497F5318}.Release|Any CPU.Build.0 = Release|Any CPU
		{15B3E0D2-6217-493A-A690-158C497F5318}.Release|ARM.ActiveCfg = Release|Any CPU
		{15B3E0D2-6217-493A-A690-158C497F5318}.Release|x64.ActiveCfg = Release|Any CPU
		{15B3E0D2-6217-493A-A690-158C497F5318}.Release|x86.ActiveCfg = Release|Any CPU
	EndGlobalSection
	GlobalSection(SolutionProperties) = preSolution
		HideSolutionNode = FALSE
	EndGlobalSection
EndGlobal
